
Microsoft Visual Studio Solution File, Format Version 12.00
# Visual Studio Version 17
VisualStudioVersion = 17.6.33829.357
MinimumVisualStudioVersion = 10.0.40219.1
Project("{FAE04EC0-301F-11D3-BF4B-00C04F79EFBC}") = "ShieldGate", "ShieldGate.csproj", "{E5ECBFA7-6A3B-4D1D-B3CC-4529A7BAC7CC}"
EndProject
Global
	GlobalSection(SolutionConfigurationPlatforms) = preSolution
		Debug|Any CPU = Debug|Any CPU
		Release|Any CPU = Release|Any CPU
	EndGlobalSection
	GlobalSection(ProjectConfigurationPlatforms) = postSolution
		{E5ECBFA7-6A3B-4D1D-B3CC-4529A7BAC7CC}.Debug|Any CPU.ActiveCfg = Debug|Any CPU
		{E5ECBFA7-6A3B-4D1D-B3CC-4529A7BAC7CC}.Debug|Any CPU.Build.0 = Debug|Any CPU
		{E5ECBFA7-6A3B-4D1D-B3CC-4529A7BAC7CC}.Release|Any CPU.ActiveCfg = Release|Any CPU
		{E5ECBFA7-6A3B-4D1D-B3CC-4529A7BAC7CC}.Release|Any CPU.Build.0 = Release|Any CPU
	EndGlobalSection
	GlobalSection(SolutionProperties) = preSolution
		HideSolutionNode = FALSE
	EndGlobalSection
	GlobalSection(ExtensibilityGlobals) = postSolution
		SolutionGuid = {C65548EF-9AD6-4B40-8ADD-CB51BAA81FEF}
	EndGlobalSection
EndGlobal
